argon2-cffi==25.1.0
argon2-cffi-bindings==25.1.0
cffi==2.0.0
charset-normalizer==3.4.7
colorama==0.4.6
cryptography==48.0.0
docx2pdf==0.1.8
iniconfig==2.3.0
lxml==6.1.0
packaging==26.2
pillow==12.2.0
pluggy==1.6.0
pycparser==3.0
Pygments==2.20.0
pytest==9.0.3
python-docx==1.2.0
pywin32==311
reportlab==4.5.1
tqdm==4.67.3
typing_extensions==4.15.0
